[0m[1mdata.aws_kms_key.aws_s3_key: Reading...[0m[0m
[0m[1mmodule.ecr_cleanup.aws_cloudwatch_event_rule.night_clean: Refreshing state... [id=dev-cron-ecr-clean][0m
[0m[1mmodule.ecr_cleanup.module.lambda_ecr_cleaner.aws_cloudwatch_log_group.lambda[0]: Refreshing state... [id=/aws/lambda/dev-ecr-cleanup-lambda][0m
[0m[1maws_apigatewayv2_api.main_apigw: Refreshing state... [id=hlyxprx072][0m
[0m[1mmodule.ecr_module.module.ecr.aws_ecr_repository.repo: Refreshing state... [id=isengardecr][0m
[0m[1mdata.aws_kms_key.aws_s3_key: Read complete after 0s [id=fbfd10be-a2f9-423a-8b94-352f353e07ff][0m
[0m[1mmodule.test_bucket.aws_s3_bucket.this[0]: Refreshing state... [id=dev-project-terraform-state-dev][0m
[0m[1mmodule.ecr_module.module.ecr.aws_ecr_repository_policy.policy[0]: Refreshing state... [id=isengardecr][0m
[0m[1mmodule.test_bucket.aws_s3_bucket_public_access_block.this[0]: Refreshing state... [id=dev-project-terraform-state-dev][0m
[0m
[1m[36mNote:[0m[1m Objects have changed outside of Terraform[0m

[0mTerraform detected the following changes made outside of Terraform since the
last "terraform apply" which may have affected this plan:

[1m  # module.test_bucket.aws_s3_bucket.this[0][0m has changed[0m[0m
[0m  [33m~[0m[0m resource "aws_s3_bucket" "this" {
        [1m[0mid[0m[0m                          = "dev-project-terraform-state-dev"
      [32m+[0m [0m[1m[0mtags[0m[0m                        = {}
        [90m# (11 unchanged attributes hidden)[0m[0m



        [90m# (3 unchanged blocks hidden)[0m[0m
    }


Unless you have made equivalent changes to your configuration, or ignored the
relevant attributes using ignore_changes, the following plan may include
actions to undo or respond to these changes.
[90m
─────────────────────────────────────────────────────────────────────────────[0m

Terraform used the selected providers to generate the following execution
plan. Resource actions are indicated with the following symbols:
  [32m+[0m create
 [36m<=[0m read (data resources)
[0m
Terraform will perform the following actions:

[1m  # module.dynamodb_table.aws_dynamodb_table.this[0][0m will be created[0m[0m
[0m  [32m+[0m[0m resource "aws_dynamodb_table" "this" {
      [32m+[0m [0m[1m[0marn[0m[0m              = (known after apply)
      [32m+[0m [0m[1m[0mbilling_mode[0m[0m     = "PAY_PER_REQUEST"
      [32m+[0m [0m[1m[0mhash_key[0m[0m         = "id"
      [32m+[0m [0m[1m[0mid[0m[0m               = (known after apply)
      [32m+[0m [0m[1m[0mname[0m[0m             = "dev-pets-table"
      [32m+[0m [0m[1m[0mrange_key[0m[0m        = "title"
      [32m+[0m [0m[1m[0mread_capacity[0m[0m    = (known after apply)
      [32m+[0m [0m[1m[0mstream_arn[0m[0m       = (known after apply)
      [32m+[0m [0m[1m[0mstream_enabled[0m[0m   = false
      [32m+[0m [0m[1m[0mstream_label[0m[0m     = (known after apply)
      [32m+[0m [0m[1m[0mstream_view_type[0m[0m = (known after apply)
      [32m+[0m [0m[1m[0mtags[0m[0m             = {
          [32m+[0m [0m"Environment" = "isengard"
          [32m+[0m [0m"Name"        = "dev-pets-table"
          [32m+[0m [0m"Terraform"   = "true"
        }
      [32m+[0m [0m[1m[0mtags_all[0m[0m         = {
          [32m+[0m [0m"Environment" = "isengard"
          [32m+[0m [0m"Name"        = "dev-pets-table"
          [32m+[0m [0m"Terraform"   = "true"
        }
      [32m+[0m [0m[1m[0mwrite_capacity[0m[0m   = (known after apply)

      [32m+[0m [0mattribute {
          [32m+[0m [0m[1m[0mname[0m[0m = "age"
          [32m+[0m [0m[1m[0mtype[0m[0m = "N"
        }
      [32m+[0m [0mattribute {
          [32m+[0m [0m[1m[0mname[0m[0m = "id"
          [32m+[0m [0m[1m[0mtype[0m[0m = "N"
        }
      [32m+[0m [0mattribute {
          [32m+[0m [0m[1m[0mname[0m[0m = "title"
          [32m+[0m [0m[1m[0mtype[0m[0m = "S"
        }

      [32m+[0m [0mglobal_secondary_index {
          [32m+[0m [0m[1m[0mhash_key[0m[0m           = "title"
          [32m+[0m [0m[1m[0mname[0m[0m               = "TitleIndex"
          [32m+[0m [0m[1m[0mnon_key_attributes[0m[0m = [
              [32m+[0m [0m"id",
            ]
          [32m+[0m [0m[1m[0mprojection_type[0m[0m    = "INCLUDE"
          [32m+[0m [0m[1m[0mrange_key[0m[0m          = "age"
        }

      [32m+[0m [0mpoint_in_time_recovery {
          [32m+[0m [0m[1m[0menabled[0m[0m = false
        }

      [32m+[0m [0mserver_side_encryption {
          [32m+[0m [0m[1m[0menabled[0m[0m     = false
          [32m+[0m [0m[1m[0mkms_key_arn[0m[0m = (known after apply)
        }

      [32m+[0m [0mtimeouts {
          [32m+[0m [0m[1m[0mcreate[0m[0m = "10m"
          [32m+[0m [0m[1m[0mdelete[0m[0m = "10m"
          [32m+[0m [0m[1m[0mupdate[0m[0m = "60m"
        }

      [32m+[0m [0mttl {
          [32m+[0m [0m[1m[0menabled[0m[0m = false
        }
    }

[1m  # module.ecr_cleanup.aws_cloudwatch_event_target.target_night_clean[0m will be created[0m[0m
[0m  [32m+[0m[0m resource "aws_cloudwatch_event_target" "target_night_clean" {
      [32m+[0m [0m[1m[0marn[0m[0m            = (known after apply)
      [32m+[0m [0m[1m[0mevent_bus_name[0m[0m = "default"
      [32m+[0m [0m[1m[0mid[0m[0m             = (known after apply)
      [32m+[0m [0m[1m[0mrule[0m[0m           = "dev-cron-ecr-clean"
      [32m+[0m [0m[1m[0mtarget_id[0m[0m      = "check_foo"
    }

[1m  # module.ecr_cleanup.aws_iam_role.lambda-ecr-cleaner-role[0m will be created[0m[0m
[0m  [32m+[0m[0m resource "aws_iam_role" "lambda-ecr-cleaner-role" {
      [32m+[0m [0m[1m[0marn[0m[0m                   = (known after apply)
      [32m+[0m [0m[1m[0massume_role_policy[0m[0m    = jsonencode(
            {
              [32m+[0m [0mStatement = [
                  [32m+[0m [0m{
                      [32m+[0m [0mAction    = "sts:AssumeRole"
                      [32m+[0m [0mEffect    = "Allow"
                      [32m+[0m [0mPrincipal = {
                          [32m+[0m [0mService = "lambda.amazonaws.com"
                        }
                      [32m+[0m [0mSid       = ""
                    },
                ]
              [32m+[0m [0mVersion   = "2012-10-17"
            }
        )
      [32m+[0m [0m[1m[0mcreate_date[0m[0m           = (known after apply)
      [32m+[0m [0m[1m[0mforce_detach_policies[0m[0m = false
      [32m+[0m [0m[1m[0mid[0m[0m                    = (known after apply)
      [32m+[0m [0m[1m[0mmanaged_policy_arns[0m[0m   = (known after apply)
      [32m+[0m [0m[1m[0mmax_session_duration[0m[0m  = 3600
      [32m+[0m [0m[1m[0mname[0m[0m                  = "dev-lambda-ecr-cleaner-role"
      [32m+[0m [0m[1m[0mname_prefix[0m[0m           = (known after apply)
      [32m+[0m [0m[1m[0mpath[0m[0m                  = "/"
      [32m+[0m [0m[1m[0mtags[0m[0m                  = {
          [32m+[0m [0m"Environment" = "dev"
          [32m+[0m [0m"Terraform"   = "true"
        }
      [32m+[0m [0m[1m[0mtags_all[0m[0m              = {
          [32m+[0m [0m"Environment" = "dev"
          [32m+[0m [0m"Terraform"   = "true"
        }
      [32m+[0m [0m[1m[0munique_id[0m[0m             = (known after apply)

      [32m+[0m [0minline_policy {
          [32m+[0m [0m[1m[0mname[0m[0m   = (known after apply)
          [32m+[0m [0m[1m[0mpolicy[0m[0m = (known after apply)
        }
    }

[1m  # module.ecr_cleanup.aws_iam_role_policy.lambda-ecr-cleaner-role-policy[0m will be created[0m[0m
[0m  [32m+[0m[0m resource "aws_iam_role_policy" "lambda-ecr-cleaner-role-policy" {
      [32m+[0m [0m[1m[0mid[0m[0m     = (known after apply)
      [32m+[0m [0m[1m[0mname[0m[0m   = "dev-lambda-ecr-cleaner-role"
      [32m+[0m [0m[1m[0mpolicy[0m[0m = jsonencode(
            {
              [32m+[0m [0mStatement = [
                  [32m+[0m [0m{
                      [32m+[0m [0mAction   = [
                          [32m+[0m [0m"ecr:*",
                          [32m+[0m [0m"ecs:*",
                          [32m+[0m [0m"lambda:*",
                          [32m+[0m [0m"logs:*",
                          [32m+[0m [0m"s3:*",
                          [32m+[0m [0m"logs:CreateLogGroup",
                          [32m+[0m [0m"logs:CreateLogStream",
                          [32m+[0m [0m"logs:PutLogEvents",
                        ]
                      [32m+[0m [0mEffect   = "Allow"
                      [32m+[0m [0mResource = [
                          [32m+[0m [0m"*",
                        ]
                    },
                ]
              [32m+[0m [0mVersion   = "2012-10-17"
            }
        )
      [32m+[0m [0m[1m[0mrole[0m[0m   = (known after apply)
    }

[1m  # module.sqs_module.data.aws_arn.this[0][0m will be read during apply[0m
  # (config refers to values not yet known)[0m
[0m [36m<=[0m[0m data "aws_arn" "this" {
      [32m+[0m [0m[1m[0maccount[0m[0m   = (known after apply)
      [32m+[0m [0m[1m[0marn[0m[0m       = (known after apply)
      [32m+[0m [0m[1m[0mid[0m[0m        = (known after apply)
      [32m+[0m [0m[1m[0mpartition[0m[0m = (known after apply)
      [32m+[0m [0m[1m[0mregion[0m[0m    = (known after apply)
      [32m+[0m [0m[1m[0mresource[0m[0m  = (known after apply)
      [32m+[0m [0m[1m[0mservice[0m[0m   = (known after apply)
    }

[1m  # module.sqs_module.aws_sqs_queue.this[0][0m will be created[0m[0m
[0m  [32m+[0m[0m resource "aws_sqs_queue" "this" {
      [32m+[0m [0m[1m[0marn[0m[0m                               = (known after apply)
      [32m+[0m [0m[1m[0mcontent_based_deduplication[0m[0m       = false
      [32m+[0m [0m[1m[0mdeduplication_scope[0m[0m               = (known after apply)
      [32m+[0m [0m[1m[0mdelay_seconds[0m[0m                     = 0
      [32m+[0m [0m[1m[0mfifo_queue[0m[0m                        = false
      [32m+[0m [0m[1m[0mfifo_throughput_limit[0m[0m             = (known after apply)
      [32m+[0m [0m[1m[0mid[0m[0m                                = (known after apply)
      [32m+[0m [0m[1m[0mkms_data_key_reuse_period_seconds[0m[0m = 300
      [32m+[0m [0m[1m[0mmax_message_size[0m[0m                  = 262144
      [32m+[0m [0m[1m[0mmessage_retention_seconds[0m[0m         = 345600
      [32m+[0m [0m[1m[0mname[0m[0m                              = "dev-test-sqs-1"
      [32m+[0m [0m[1m[0mname_prefix[0m[0m                       = (known after apply)
      [32m+[0m [0m[1m[0mreceive_wait_time_seconds[0m[0m         = 0
      [32m+[0m [0m[1m[0mredrive_allow_policy[0m[0m              = (known after apply)
      [32m+[0m [0m[1m[0mredrive_policy[0m[0m                    = (known after apply)
      [32m+[0m [0m[1m[0msqs_managed_sse_enabled[0m[0m           = (known after apply)
      [32m+[0m [0m[1m[0mtags[0m[0m                              = {
          [32m+[0m [0m"Environment" = "dev"
          [32m+[0m [0m"Secure"      = "false"
          [32m+[0m [0m"Terraform"   = "true"
        }
      [32m+[0m [0m[1m[0mtags_all[0m[0m                          = {
          [32m+[0m [0m"Environment" = "dev"
          [32m+[0m [0m"Secure"      = "false"
          [32m+[0m [0m"Terraform"   = "true"
        }
      [32m+[0m [0m[1m[0murl[0m[0m                               = (known after apply)
      [32m+[0m [0m[1m[0mvisibility_timeout_seconds[0m[0m        = 30
    }

[1m  # module.ecr_cleanup.module.lambda_ecr_cleaner.aws_lambda_function.this[0][0m will be created[0m[0m
[0m  [32m+[0m[0m resource "aws_lambda_function" "this" {
      [32m+[0m [0m[1m[0marchitectures[0m[0m                  = (known after apply)
      [32m+[0m [0m[1m[0marn[0m[0m                            = (known after apply)
      [32m+[0m [0m[1m[0mdescription[0m[0m                    = "Lambda function that removes the unused ecr images"
      [32m+[0m [0m[1m[0mfilename[0m[0m                       = ".terraform/modules/ecr_cleanup/ecr/ecrCleaner/package.zip"
      [32m+[0m [0m[1m[0mfunction_name[0m[0m                  = "dev-ecr-cleanup-lambda"
      [32m+[0m [0m[1m[0mhandler[0m[0m                        = "package.handler"
      [32m+[0m [0m[1m[0mid[0m[0m                             = (known after apply)
      [32m+[0m [0m[1m[0minvoke_arn[0m[0m                     = (known after apply)
      [32m+[0m [0m[1m[0mlast_modified[0m[0m                  = (known after apply)
      [32m+[0m [0m[1m[0mmemory_size[0m[0m                    = 128
      [32m+[0m [0m[1m[0mpackage_type[0m[0m                   = "Zip"
      [32m+[0m [0m[1m[0mpublish[0m[0m                        = false
      [32m+[0m [0m[1m[0mqualified_arn[0m[0m                  = (known after apply)
      [32m+[0m [0m[1m[0mqualified_invoke_arn[0m[0m           = (known after apply)
      [32m+[0m [0m[1m[0mreserved_concurrent_executions[0m[0m = -1
      [32m+[0m [0m[1m[0mrole[0m[0m                           = (known after apply)
      [32m+[0m [0m[1m[0mruntime[0m[0m                        = "python3.8"
      [32m+[0m [0m[1m[0msigning_job_arn[0m[0m                = (known after apply)
      [32m+[0m [0m[1m[0msigning_profile_version_arn[0m[0m    = (known after apply)
      [32m+[0m [0m[1m[0msource_code_hash[0m[0m               = "QgLkpvei5MhjBzSzcPcRgXiZBmzVwW8PifhdxmwmWB4="
      [32m+[0m [0m[1m[0msource_code_size[0m[0m               = (known after apply)
      [32m+[0m [0m[1m[0mtags[0m[0m                           = {
          [32m+[0m [0m"Environment" = "dev"
          [32m+[0m [0m"Terraform"   = "true"
        }
      [32m+[0m [0m[1m[0mtags_all[0m[0m                       = {
          [32m+[0m [0m"Environment" = "dev"
          [32m+[0m [0m"Terraform"   = "true"
        }
      [32m+[0m [0m[1m[0mtimeout[0m[0m                        = 120
      [32m+[0m [0m[1m[0mversion[0m[0m                        = (known after apply)

      [32m+[0m [0menvironment {
          [32m+[0m [0m[1m[0mvariables[0m[0m = {
              [32m+[0m [0m"DRYRUN"            = "false"
              [32m+[0m [0m"IGNORE_TAGS_REGEX" = "release|archive"
              [32m+[0m [0m"IMAGES_TO_KEEP"    = "15"
              [32m+[0m [0m"REGION"            = "us-east-1"
              [32m+[0m [0m"REPO_NAME"         = ""
            }
        }

      [32m+[0m [0mephemeral_storage {
          [32m+[0m [0m[1m[0msize[0m[0m = (known after apply)
        }

      [32m+[0m [0mtracing_config {
          [32m+[0m [0m[1m[0mmode[0m[0m = (known after apply)
        }
    }

[0m[1mPlan:[0m 6 to add, 0 to change, 0 to destroy.
[0m[33m╷[0m[0m
[33m│[0m [0m[1m[33mWarning: [0m[0m[1mArgument is deprecated[0m
[33m│[0m [0m
[33m│[0m [0m[0m  with module.test_bucket.aws_s3_bucket.this[0],
[33m│[0m [0m  on .terraform\modules\test_bucket\s3\main.tf line 1, in resource "aws_s3_bucket" "this":
[33m│[0m [0m   1: resource "aws_s3_bucket" "this" [4m{[0m[0m
[33m│[0m [0m
[33m│[0m [0mUse the aws_s3_bucket_server_side_encryption_configuration resource instead
[33m│[0m [0m
[33m│[0m [0m(and one more similar warning elsewhere)
[33m╵[0m[0m
[90m
─────────────────────────────────────────────────────────────────────────────[0m

Note: You didn't use the -out option to save this plan, so Terraform can't
guarantee to take exactly these actions if you run "terraform apply" now.
